# This file is automatically @generated by Cargo.
# It is not intended for manual editing.
version = 4

[[package]]
name = "bitflags"
version = "2.9.0"
source = "registry+https://github.com/rust-lang/crates.io-index"
checksum = "5c8214115b7bf84099f1309324e63141d4c5d7cc26862f97a0a857dbefe165bd"

[[package]]
name = "cfg-if"
version = "1.0.0"
source = "registry+https://github.com/rust-lang/crates.io-index"
checksum = "baf1de4339761588bc0619e3cbc0120ee582ebb74b53b4efbf79117bd2da40fd"

[[package]]
name = "generational-arena"
version = "0.2.9"
source = "registry+https://github.com/rust-lang/crates.io-index"
checksum = "877e94aff08e743b651baaea359664321055749b398adff8740a7399af7796e7"
dependencies = [
 "cfg-if",
]

[[package]]
name = "getrandom"
version = "0.3.2"
source = "registry+https://github.com/rust-lang/crates.io-index"
checksum = "73fea8450eea4bac3940448fb7ae50d91f034f941199fcd9d909a5a07aa455f0"
dependencies = [
 "cfg-if",
 "libc",
 "r-efi",
 "wasi",
]

[[package]]
name = "greyjack"
version = "0.5.0"
dependencies = [
 "greyjack-core",
 "greynet",
]

[[package]]
name = "greyjack-core"
version = "0.5.0"
dependencies = [
 "greynet",
]

[[package]]
name = "greynet"
version = "0.5.0"
dependencies = [
 "generational-arena",
 "slotmap",
 "uuid",
]

[[package]]
name = "libc"
version = "0.2.171"
source = "registry+https://github.com/rust-lang/crates.io-index"
checksum = "c19937216e9d3aa9956d9bb8dfc0b0c8beb6058fc4f7a4dc4d850edf86a237d6"

[[package]]
name = "r-efi"
version = "5.2.0"
source = "registry+https://github.com/rust-lang/crates.io-index"
checksum = "74765f6d916ee2faa39bc8e68e4f3ed8949b48cccdac59983d287a7cb71ce9c5"

[[package]]
name = "sha1_smol"
version = "1.0.1"
source = "registry+https://github.com/rust-lang/crates.io-index"
checksum = "bbfa15b3dddfee50a0fff136974b3e1bde555604ba463834a7eb7deb6417705d"

[[package]]
name = "slotmap"
version = "1.0.7"
source = "registry+https://github.com/rust-lang/crates.io-index"
checksum = "dbff4acf519f630b3a3ddcfaea6c06b42174d9a44bc70c620e9ed1649d58b82a"
dependencies = [
 "version_check",
]

[[package]]
name = "uuid"
version = "1.16.0"
source = "registry+https://github.com/rust-lang/crates.io-index"
checksum = "458f7a779bf54acc9f347480ac654f68407d3aab21269a6e3c9f922acd9e2da9"
dependencies = [
 "getrandom",
 "sha1_smol",
]

[[package]]
name = "version_check"
version = "0.9.5"
source = "registry+https://github.com/rust-lang/crates.io-index"
checksum = "0b928f33d975fc6ad9f86c8f283853ad26bdd5b10b7f1542aa2fa15e2289105a"

[[package]]
name = "wasi"
version = "0.14.2+wasi-0.2.4"
source = "registry+https://github.com/rust-lang/crates.io-index"
checksum = "9683f9a5a998d873c0d21fcbe3c083009670149a8fab228644b8bd36b2c48cb3"
dependencies = [
 "wit-bindgen-rt",
]

[[package]]
name = "wit-bindgen-rt"
version = "0.39.0"
source = "registry+https://github.com/rust-lang/crates.io-index"
checksum = "6f42320e61fe2cfd34354ecb597f86f413484a798ba44a8ca1165c58d42da6c1"
dependencies = [
 "bitflags",
]
